
Microsoft Visual Studio Solution File, Format Version 12.00
# Visual Studio Version 17
VisualStudioVersion = 17.9.34607.119
MinimumVisualStudioVersion = 10.0.40219.1
Project("{FAE04EC0-301F-11D3-BF4B-00C04F79EFBC}") = "NetActionFuncApp", "NetActionFuncApp\NetActionFuncApp.csproj", "{FCFF6B71-66BD-48E2-A984-D32170C67438}"
EndProject
Global
	GlobalSection(SolutionConfigurationPlatforms) = preSolution
		Debug|Any CPU = Debug|Any CPU
		Release|Any CPU = Release|Any CPU
	EndGlobalSection
	GlobalSection(ProjectConfigurationPlatforms) = postSolution
		{FCFF6B71-66BD-48E2-A984-D32170C67438}.Debug|Any CPU.ActiveCfg = Debug|Any CPU
		{FCFF6B71-66BD-48E2-A984-D32170C67438}.Debug|Any CPU.Build.0 = Debug|Any CPU
		{FCFF6B71-66BD-48E2-A984-D32170C67438}.Release|Any CPU.ActiveCfg = Release|Any CPU
		{FCFF6B71-66BD-48E2-A984-D32170C67438}.Release|Any CPU.Build.0 = Release|Any CPU
	EndGlobalSection
	GlobalSection(SolutionProperties) = preSolution
		HideSolutionNode = FALSE
	EndGlobalSection
	GlobalSection(ExtensibilityGlobals) = postSolution
		SolutionGuid = {4928CDE9-D453-48F5-8F79-AA691C977C5F}
	EndGlobalSection
EndGlobal
